// !$*UTF8*$!
{
	archiveVersion = 1;
	classes = {
	};
	objectVersion = 55;
	objects = {

/* Begin PBXBuildFile section */
		846BA7DB284E227E002B47B1 /* SpyneSDKProject.docc in Sources */ = {isa = PBXBuildFile; fileRef = 846BA7DA284E227E002B47B1 /* SpyneSDKProject.docc */; };
		846BA7E1284E227E002B47B1 /* SpyneSDKProject.framework in Frameworks */ = {isa = PBXBuildFile; fileRef = 846BA7D6284E227E002B47B1 /* SpyneSDKProject.framework */; };
		846BA7E6284E227E002B47B1 /* SpyneSDKProjectTests.swift in Sources */ = {isa = PBXBuildFile; fileRef = 846BA7E5284E227E002B47B1 /* SpyneSDKProjectTests.swift */; };
		846BA7E7284E227E002B47B1 /* SpyneSDKProject.h in Headers */ = {isa = PBXBuildFile; fileRef = 846BA7D9284E227E002B47B1 /* SpyneSDKProject.h */; settings = {ATTRIBUTES = (Public, ); }; };
		A58B613173E66B677638D9F7 /* Pods_SpyneSDKProject_SpyneSDKProjectTests.framework in Frameworks */ = {isa = PBXBuildFile; fileRef = C8E839BB97828F6136F641B0 /* Pods_SpyneSDKProject_SpyneSDKProjectTests.framework */; };
		AB2213B96D6B4338613F70A0 /* Pods_SpyneSDKProject.framework in Frameworks */ = {isa = PBXBuildFile; fileRef = 057975AF54CA911F62443865 /* Pods_SpyneSDKProject.framework */; };
/* End PBXBuildFile section */

/* Begin PBXContainerItemProxy section */
		846BA7E2284E227E002B47B1 /* PBXContainerItemProxy */ = {
			isa = PBXContainerItemProxy;
			containerPortal = 846BA7CD284E227E002B47B1 /* Project object */;
			proxyType = 1;
			remoteGlobalIDString = 846BA7D5284E227E002B47B1;
			remoteInfo = SpyneSDKProject;
		};
/* End PBXContainerItemProxy section */

/* Begin PBXFileReference section */
		057975AF54CA911F62443865 /* Pods_SpyneSDKProject.framework */ = {isa = PBXFileReference; explicitFileType = wrapper.framework; includeInIndex = 0; path = Pods_SpyneSDKProject.framework; sourceTree = BUILT_PRODUCTS_DIR; };
		0B4A56D0CB781A3C237529C3 /* Pods-SpyneSDKProject.release.xcconfig */ = {isa = PBXFileReference; includeInIndex = 1; lastKnownFileType = text.xcconfig; name = "Pods-SpyneSDKProject.release.xcconfig"; path = "Target Support Files/Pods-SpyneSDKProject/Pods-SpyneSDKProject.release.xcconfig"; sourceTree = "<group>"; };
		16E852DC3A076D685F1D8FEF /* Pods-SpyneSDKProject-SpyneSDKProjectTests.debug.xcconfig */ = {isa = PBXFileReference; includeInIndex = 1; lastKnownFileType = text.xcconfig; name = "Pods-SpyneSDKProject-SpyneSDKProjectTests.debug.xcconfig"; path = "Target Support Files/Pods-SpyneSDKProject-SpyneSDKProjectTests/Pods-SpyneSDKProject-SpyneSDKProjectTests.debug.xcconfig"; sourceTree = "<group>"; };
		846BA7D6284E227E002B47B1 /* SpyneSDKProject.framework */ = {isa = PBXFileReference; explicitFileType = wrapper.framework; includeInIndex = 0; path = SpyneSDKProject.framework; sourceTree = BUILT_PRODUCTS_DIR; };
		846BA7D9284E227E002B47B1 /* SpyneSDKProject.h */ = {isa = PBXFileReference; lastKnownFileType = sourcecode.c.h; path = SpyneSDKProject.h; sourceTree = "<group>"; };
		846BA7DA284E227E002B47B1 /* SpyneSDKProject.docc */ = {isa = PBXFileReference; lastKnownFileType = folder.documentationcatalog; path = SpyneSDKProject.docc; sourceTree = "<group>"; };
		846BA7E0284E227E002B47B1 /* SpyneSDKProjectTests.xctest */ = {isa = PBXFileReference; explicitFileType = wrapper.cfbundle; includeInIndex = 0; path = SpyneSDKProjectTests.xctest; sourceTree = BUILT_PRODUCTS_DIR; };
		846BA7E5284E227E002B47B1 /* SpyneSDKProjectTests.swift */ = {isa = PBXFileReference; lastKnownFileType = sourcecode.swift; path = SpyneSDKProjectTests.swift; sourceTree = "<group>"; };
		B044652DE4FA18399F75685A /* Pods-SpyneSDKProject-SpyneSDKProjectTests.release.xcconfig */ = {isa = PBXFileReference; includeInIndex = 1; lastKnownFileType = text.xcconfig; name = "Pods-SpyneSDKProject-SpyneSDKProjectTests.release.xcconfig"; path = "Target Support Files/Pods-SpyneSDKProject-SpyneSDKProjectTests/Pods-SpyneSDKProject-SpyneSDKProjectTests.release.xcconfig"; sourceTree = "<group>"; };
		C8E839BB97828F6136F641B0 /* Pods_SpyneSDKProject_SpyneSDKProjectTests.framework */ = {isa = PBXFileReference; explicitFileType = wrapper.framework; includeInIndex = 0; path = Pods_SpyneSDKProject_SpyneSDKProjectTests.framework; sourceTree = BUILT_PRODUCTS_DIR; };
		D98FB68F947D73F201DC52F1 /* Pods-SpyneSDKProject.debug.xcconfig */ = {isa = PBXFileReference; includeInIndex = 1; lastKnownFileType = text.xcconfig; name = "Pods-SpyneSDKProject.debug.xcconfig"; path = "Target Support Files/Pods-SpyneSDKProject/Pods-SpyneSDKProject.debug.xcconfig"; sourceTree = "<group>"; };
/* End PBXFileReference section */

/* Begin PBXFrameworksBuildPhase section */
		846BA7D3284E227E002B47B1 /* Frameworks */ = {
			isa = PBXFrameworksBuildPhase;
			buildActionMask = 2147483647;
			files = (
				AB2213B96D6B4338613F70A0 /* Pods_SpyneSDKProject.framework in Frameworks */,
			);
			runOnlyForDeploymentPostprocessing = 0;
		};
		846BA7DD284E227E002B47B1 /* Frameworks */ = {
			isa = PBXFrameworksBuildPhase;
			buildActionMask = 2147483647;
			files = (
				846BA7E1284E227E002B47B1 /* SpyneSDKProject.framework in Frameworks */,
				A58B613173E66B677638D9F7 /* Pods_SpyneSDKProject_SpyneSDKProjectTests.framework in Frameworks */,
			);
			runOnlyForDeploymentPostprocessing = 0;
		};
/* End PBXFrameworksBuildPhase section */

/* Begin PBXGroup section */
		17B716D2033DA847266AADF6 /* Pods */ = {
			isa = PBXGroup;
			children = (
				D98FB68F947D73F201DC52F1 /* Pods-SpyneSDKProject.debug.xcconfig */,
				0B4A56D0CB781A3C237529C3 /* Pods-SpyneSDKProject.release.xcconfig */,
				16E852DC3A076D685F1D8FEF /* Pods-SpyneSDKProject-SpyneSDKProjectTests.debug.xcconfig */,
				B044652DE4FA18399F75685A /* Pods-SpyneSDKProject-SpyneSDKProjectTests.release.xcconfig */,
			);
			name = Pods;
			path = Pods;
			sourceTree = "<group>";
		};
		846BA7CC284E227E002B47B1 = {
			isa = PBXGroup;
			children = (
				846BA7D8284E227E002B47B1 /* SpyneSDKProject */,
				846BA7E4284E227E002B47B1 /* SpyneSDKProjectTests */,
				846BA7D7284E227E002B47B1 /* Products */,
				17B716D2033DA847266AADF6 /* Pods */,
				98B4A07611ACAB8F00714E04 /* Frameworks */,
			);
			sourceTree = "<group>";
		};
		846BA7D7284E227E002B47B1 /* Products */ = {
			isa = PBXGroup;
			children = (
				846BA7D6284E227E002B47B1 /* SpyneSDKProject.framework */,
				846BA7E0284E227E002B47B1 /* SpyneSDKProjectTests.xctest */,
			);
			name = Products;
			sourceTree = "<group>";
		};
		846BA7D8284E227E002B47B1 /* SpyneSDKProject */ = {
			isa = PBXGroup;
			children = (
				846BA7D9284E227E002B47B1 /* SpyneSDKProject.h */,
				846BA7DA284E227E002B47B1 /* SpyneSDKProject.docc */,
			);
			path = SpyneSDKProject;
			sourceTree = "<group>";
		};
		846BA7E4284E227E002B47B1 /* SpyneSDKProjectTests */ = {
			isa = PBXGroup;
			children = (
				846BA7E5284E227E002B47B1 /* SpyneSDKProjectTests.swift */,
			);
			path = SpyneSDKProjectTests;
			sourceTree = "<group>";
		};
		98B4A07611ACAB8F00714E04 /* Frameworks */ = {
			isa = PBXGroup;
			children = (
				057975AF54CA911F62443865 /* Pods_SpyneSDKProject.framework */,
				C8E839BB97828F6136F641B0 /* Pods_SpyneSDKProject_SpyneSDKProjectTests.framework */,
			);
			name = Frameworks;
			sourceTree = "<group>";
		};
/* End PBXGroup section */

/* Begin PBXHeadersBuildPhase section */
		846BA7D1284E227E002B47B1 /* Headers */ = {
			isa = PBXHeadersBuildPhase;
			buildActionMask = 2147483647;
			files = (
				846BA7E7284E227E002B47B1 /* SpyneSDKProject.h in Headers */,
			);
			runOnlyForDeploymentPostprocessing = 0;
		};
/* End PBXHeadersBuildPhase section */

/* Begin PBXNativeTarget section */
		846BA7D5284E227E002B47B1 /* SpyneSDKProject */ = {
			isa = PBXNativeTarget;
			buildConfigurationList = 846BA7EA284E227E002B47B1 /* Build configuration list for PBXNativeTarget "SpyneSDKProject" */;
			buildPhases = (
				AF3FB17E2E4D508BFF5241AE /* [CP] Check Pods Manifest.lock */,
				846BA7D1284E227E002B47B1 /* Headers */,
				846BA7D2284E227E002B47B1 /* Sources */,
				846BA7D3284E227E002B47B1 /* Frameworks */,
				846BA7D4284E227E002B47B1 /* Resources */,
			);
			buildRules = (
			);
			dependencies = (
			);
			name = SpyneSDKProject;
			productName = SpyneSDKProject;
			productReference = 846BA7D6284E227E002B47B1 /* SpyneSDKProject.framework */;
			productType = "com.apple.product-type.framework";
		};
		846BA7DF284E227E002B47B1 /* SpyneSDKProjectTests */ = {
			isa = PBXNativeTarget;
			buildConfigurationList = 846BA7ED284E227E002B47B1 /* Build configuration list for PBXNativeTarget "SpyneSDKProjectTests" */;
			buildPhases = (
				DF2B9FF5FFC56A07751353B0 /* [CP] Check Pods Manifest.lock */,
				846BA7DC284E227E002B47B1 /* Sources */,
				846BA7DD284E227E002B47B1 /* Frameworks */,
				846BA7DE284E227E002B47B1 /* Resources */,
				31E5FA1D3FD96322F75C15F2 /* [CP] Embed Pods Frameworks */,
			);
			buildRules = (
			);
			dependencies = (
				846BA7E3284E227E002B47B1 /* PBXTargetDependency */,
			);
			name = SpyneSDKProjectTests;
			productName = SpyneSDKProjectTests;
			productReference = 846BA7E0284E227E002B47B1 /* SpyneSDKProjectTests.xctest */;
			productType = "com.apple.product-type.bundle.unit-test";
		};
/* End PBXNativeTarget section */

/* Begin PBXProject section */
		846BA7CD284E227E002B47B1 /* Project object */ = {
			isa = PBXProject;
			attributes = {
				BuildIndependentTargetsInParallel = 1;
				LastSwiftUpdateCheck = 1340;
				LastUpgradeCheck = 1340;
				TargetAttributes = {
					846BA7D5284E227E002B47B1 = {
						CreatedOnToolsVersion = 13.4;
					};
					846BA7DF284E227E002B47B1 = {
						CreatedOnToolsVersion = 13.4;
					};
				};
			};
			buildConfigurationList = 846BA7D0284E227E002B47B1 /* Build configuration list for PBXProject "SpyneSDKProject" */;
			compatibilityVersion = "Xcode 13.0";
			developmentRegion = en;
			hasScannedForEncodings = 0;
			knownRegions = (
				en,
				Base,
			);
			mainGroup = 846BA7CC284E227E002B47B1;
			productRefGroup = 846BA7D7284E227E002B47B1 /* Products */;
			projectDirPath = "";
			projectRoot = "";
			targets = (
				846BA7D5284E227E002B47B1 /* SpyneSDKProject */,
				846BA7DF284E227E002B47B1 /* SpyneSDKProjectTests */,
			);
		};
/* End PBXProject section */

/* Begin PBXResourcesBuildPhase section */
		846BA7D4284E227E002B47B1 /* Resources */ = {
			isa = PBXResourcesBuildPhase;
			buildActionMask = 2147483647;
			files = (
			);
			runOnlyForDeploymentPostprocessing = 0;
		};
		846BA7DE284E227E002B47B1 /* Resources */ = {
			isa = PBXResourcesBuildPhase;
			buildActionMask = 2147483647;
			files = (
			);
			runOnlyForDeploymentPostprocessing = 0;
		};
/* End PBXResourcesBuildPhase section */

/* Begin PBXShellScriptBuildPhase section */
		31E5FA1D3FD96322F75C15F2 /* [CP] Embed Pods Frameworks */ = {
			isa = PBXShellScriptBuildPhase;
			buildActionMask = 2147483647;
			files = (
			);
			inputFileListPaths = (
				"${PODS_ROOT}/Target Support Files/Pods-SpyneSDKProject-SpyneSDKProjectTests/Pods-SpyneSDKProject-SpyneSDKProjectTests-frameworks-${CONFIGURATION}-input-files.xcfilelist",
			);
			name = "[CP] Embed Pods Frameworks";
			outputFileListPaths = (
				"${PODS_ROOT}/Target Support Files/Pods-SpyneSDKProject-SpyneSDKProjectTests/Pods-SpyneSDKProject-SpyneSDKProjectTests-frameworks-${CONFIGURATION}-output-files.xcfilelist",
			);
			runOnlyForDeploymentPostprocessing = 0;
			shellPath = /bin/sh;
			shellScript = "\"${PODS_ROOT}/Target Support Files/Pods-SpyneSDKProject-SpyneSDKProjectTests/Pods-SpyneSDKProject-SpyneSDKProjectTests-frameworks.sh\"\n";
			showEnvVarsInLog = 0;
		};
		AF3FB17E2E4D508BFF5241AE /* [CP] Check Pods Manifest.lock */ = {
			isa = PBXShellScriptBuildPhase;
			buildActionMask = 2147483647;
			files = (
			);
			inputFileListPaths = (
			);
			inputPaths = (
				"${PODS_PODFILE_DIR_PATH}/Podfile.lock",
				"${PODS_ROOT}/Manifest.lock",
			);
			name = "[CP] Check Pods Manifest.lock";
			outputFileListPaths = (
			);
			outputPaths = (
				"$(DERIVED_FILE_DIR)/Pods-SpyneSDKProject-checkManifestLockResult.txt",
			);
			runOnlyForDeploymentPostprocessing = 0;
			shellPath = /bin/sh;
			shellScript = "diff \"${PODS_PODFILE_DIR_PATH}/Podfile.lock\" \"${PODS_ROOT}/Manifest.lock\" > /dev/null\nif [ $? != 0 ] ; then\n    # print error to STDERR\n    echo \"error: The sandbox is not in sync with the Podfile.lock. Run 'pod install' or update your CocoaPods installation.\" >&2\n    exit 1\nfi\n# This output is used by Xcode 'outputs' to avoid re-running this script phase.\necho \"SUCCESS\" > \"${SCRIPT_OUTPUT_FILE_0}\"\n";
			showEnvVarsInLog = 0;
		};
		DF2B9FF5FFC56A07751353B0 /* [CP] Check Pods Manifest.lock */ = {
			isa = PBXShellScriptBuildPhase;
			buildActionMask = 2147483647;
			files = (
			);
			inputFileListPaths = (
			);
			inputPaths = (
				"${PODS_PODFILE_DIR_PATH}/Podfile.lock",
				"${PODS_ROOT}/Manifest.lock",
			);
			name = "[CP] Check Pods Manifest.lock";
			outputFileListPaths = (
			);
			outputPaths = (
				"$(DERIVED_FILE_DIR)/Pods-SpyneSDKProject-SpyneSDKProjectTests-checkManifestLockResult.txt",
			);
			runOnlyForDeploymentPostprocessing = 0;
			shellPath = /bin/sh;
			shellScript = "diff \"${PODS_PODFILE_DIR_PATH}/Podfile.lock\" \"${PODS_ROOT}/Manifest.lock\" > /dev/null\nif [ $? != 0 ] ; then\n    # print error to STDERR\n    echo \"error: The sandbox is not in sync with the Podfile.lock. Run 'pod install' or update your CocoaPods installation.\" >&2\n    exit 1\nfi\n# This output is used by Xcode 'outputs' to avoid re-running this script phase.\necho \"SUCCESS\" > \"${SCRIPT_OUTPUT_FILE_0}\"\n";
			showEnvVarsInLog = 0;
		};
/* End PBXShellScriptBuildPhase section */

/* Begin PBXSourcesBuildPhase section */
		846BA7D2284E227E002B47B1 /* Sources */ = {
			isa = PBXSourcesBuildPhase;
			buildActionMask = 2147483647;
			files = (
				846BA7DB284E227E002B47B1 /* SpyneSDKProject.docc in Sources */,
			);
			runOnlyForDeploymentPostprocessing = 0;
		};
		846BA7DC284E227E002B47B1 /* Sources */ = {
			isa = PBXSourcesBuildPhase;
			buildActionMask = 2147483647;
			files = (
				846BA7E6284E227E002B47B1 /* SpyneSDKProjectTests.swift in Sources */,
			);
			runOnlyForDeploymentPostprocessing = 0;
		};
/* End PBXSourcesBuildPhase section */

/* Begin PBXTargetDependency section */
		846BA7E3284E227E002B47B1 /* PBXTargetDependency */ = {
			isa = PBXTargetDependency;
			target = 846BA7D5284E227E002B47B1 /* SpyneSDKProject */;
			targetProxy = 846BA7E2284E227E002B47B1 /* PBXContainerItemProxy */;
		};
/* End PBXTargetDependency section */

/* Begin XCBuildConfiguration section */
		846BA7E8284E227E002B47B1 /* Debug */ = {
			isa = XCBuildConfiguration;
			buildSettings = {
				ALWAYS_SEARCH_USER_PATHS = NO;
				CLANG_ANALYZER_NONNULL = YES;
				CLANG_ANALYZER_NUMBER_OBJECT_CONVERSION = YES_AGGRESSIVE;
				CLANG_CXX_LANGUAGE_STANDARD = "gnu++17";
				CLANG_ENABLE_MODULES = YES;
				CLANG_ENABLE_OBJC_ARC = YES;
				CLANG_ENABLE_OBJC_WEAK = YES;
				CLANG_WARN_BLOCK_CAPTURE_AUTORELEASING = YES;
				CLANG_WARN_BOOL_CONVERSION = YES;
				CLANG_WARN_COMMA = YES;
				CLANG_WARN_CONSTANT_CONVERSION = YES;
				CLANG_WARN_DEPRECATED_OBJC_IMPLEMENTATIONS = YES;
				CLANG_WARN_DIRECT_OBJC_ISA_USAGE = YES_ERROR;
				CLANG_WARN_DOCUMENTATION_COMMENTS = YES;
				CLANG_WARN_EMPTY_BODY = YES;
				CLANG_WARN_ENUM_CONVERSION = YES;
				CLANG_WARN_INFINITE_RECURSION = YES;
				CLANG_WARN_INT_CONVERSION = YES;
				CLANG_WARN_NON_LITERAL_NULL_CONVERSION = YES;
				CLANG_WARN_OBJC_IMPLICIT_RETAIN_SELF = YES;
				CLANG_WARN_OBJC_LITERAL_CONVERSION = YES;
				CLANG_WARN_OBJC_ROOT_CLASS = YES_ERROR;
				CLANG_WARN_QUOTED_INCLUDE_IN_FRAMEWORK_HEADER = YES;
				CLANG_WARN_RANGE_LOOP_ANALYSIS = YES;
				CLANG_WARN_STRICT_PROTOTYPES = YES;
				CLANG_WARN_SUSPICIOUS_MOVE = YES;
				CLANG_WARN_UNGUARDED_AVAILABILITY = YES_AGGRESSIVE;
				CLANG_WARN_UNREACHABLE_CODE = YES;
				CLANG_WARN__DUPLICATE_METHOD_MATCH = YES;
				COPY_PHASE_STRIP = NO;
				CURRENT_PROJECT_VERSION = 1;
				DEBUG_INFORMATION_FORMAT = dwarf;
				ENABLE_STRICT_OBJC_MSGSEND = YES;
				ENABLE_TESTABILITY = YES;
				GCC_C_LANGUAGE_STANDARD = gnu11;
				GCC_DYNAMIC_NO_PIC = NO;
				GCC_NO_COMMON_BLOCKS = YES;
				GCC_OPTIMIZATION_LEVEL = 0;
				GCC_PREPROCESSOR_DEFINITIONS = (
					"DEBUG=1",
					"$(inherited)",
				);
				GCC_WARN_64_TO_32_BIT_CONVERSION = YES;
				GCC_WARN_ABOUT_RETURN_TYPE = YES_ERROR;
				GCC_WARN_UNDECLARED_SELECTOR = YES;
				GCC_WARN_UNINITIALIZED_AUTOS = YES_AGGRESSIVE;
				GCC_WARN_UNUSED_FUNCTION = YES;
				GCC_WARN_UNUSED_VARIABLE = YES;
				IPHONEOS_DEPLOYMENT_TARGET = 15.5;
				MTL_ENABLE_DEBUG_INFO = INCLUDE_SOURCE;
				MTL_FAST_MATH = YES;
				ONLY_ACTIVE_ARCH = YES;
				SDKROOT = iphoneos;
				SWIFT_ACTIVE_COMPILATION_CONDITIONS = DEBUG;
				SWIFT_OPTIMIZATION_LEVEL = "-Onone";
				VERSIONING_SYSTEM = "apple-generic";
				VERSION_INFO_PREFIX = "";
			};
			name = Debug;
		};
		846BA7E9284E227E002B47B1 /* Release */ = {
			isa = XCBuildConfiguration;
			buildSettings = {
				ALWAYS_SEARCH_USER_PATHS = NO;
				CLANG_ANALYZER_NONNULL = YES;
				CLANG_ANALYZER_NUMBER_OBJECT_CONVERSION = YES_AGGRESSIVE;
				CLANG_CXX_LANGUAGE_STANDARD = "gnu++17";
				CLANG_ENABLE_MODULES = YES;
				CLANG_ENABLE_OBJC_ARC = YES;
				CLANG_ENABLE_OBJC_WEAK = YES;
				CLANG_WARN_BLOCK_CAPTURE_AUTORELEASING = YES;
				CLANG_WARN_BOOL_CONVERSION = YES;
				CLANG_WARN_COMMA = YES;
				CLANG_WARN_CONSTANT_CONVERSION = YES;
				CLANG_WARN_DEPRECATED_OBJC_IMPLEMENTATIONS = YES;
				CLANG_WARN_DIRECT_OBJC_ISA_USAGE = YES_ERROR;
				CLANG_WARN_DOCUMENTATION_COMMENTS = YES;
				CLANG_WARN_EMPTY_BODY = YES;
				CLANG_WARN_ENUM_CONVERSION = YES;
				CLANG_WARN_INFINITE_RECURSION = YES;
				CLANG_WARN_INT_CONVERSION = YES;
				CLANG_WARN_NON_LITERAL_NULL_CONVERSION = YES;
				CLANG_WARN_OBJC_IMPLICIT_RETAIN_SELF = YES;
				CLANG_WARN_OBJC_LITERAL_CONVERSION = YES;
				CLANG_WARN_OBJC_ROOT_CLASS = YES_ERROR;
				CLANG_WARN_QUOTED_INCLUDE_IN_FRAMEWORK_HEADER = YES;
				CLANG_WARN_RANGE_LOOP_ANALYSIS = YES;
				CLANG_WARN_STRICT_PROTOTYPES = YES;
				CLANG_WARN_SUSPICIOUS_MOVE = YES;
				CLANG_WARN_UNGUARDED_AVAILABILITY = YES_AGGRESSIVE;
				CLANG_WARN_UNREACHABLE_CODE = YES;
				CLANG_WARN__DUPLICATE_METHOD_MATCH = YES;
				COPY_PHASE_STRIP = NO;
				CURRENT_PROJECT_VERSION = 1;
				DEBUG_INFORMATION_FORMAT = "dwarf-with-dsym";
				ENABLE_NS_ASSERTIONS = NO;
				ENABLE_STRICT_OBJC_MSGSEND = YES;
				GCC_C_LANGUAGE_STANDARD = gnu11;
				GCC_NO_COMMON_BLOCKS = YES;
				GCC_WARN_64_TO_32_BIT_CONVERSION = YES;
				GCC_WARN_ABOUT_RETURN_TYPE = YES_ERROR;
				GCC_WARN_UNDECLARED_SELECTOR = YES;
				GCC_WARN_UNINITIALIZED_AUTOS = YES_AGGRESSIVE;
				GCC_WARN_UNUSED_FUNCTION = YES;
				GCC_WARN_UNUSED_VARIABLE = YES;
				IPHONEOS_DEPLOYMENT_TARGET = 15.5;
				MTL_ENABLE_DEBUG_INFO = NO;
				MTL_FAST_MATH = YES;
				SDKROOT = iphoneos;
				SWIFT_COMPILATION_MODE = wholemodule;
				SWIFT_OPTIMIZATION_LEVEL = "-O";
				VALIDATE_PRODUCT = YES;
				VERSIONING_SYSTEM = "apple-generic";
				VERSION_INFO_PREFIX = "";
			};
			name = Release;
		};
		846BA7EB284E227E002B47B1 /* Debug */ = {
			isa = XCBuildConfiguration;
			baseConfigurationReference = D98FB68F947D73F201DC52F1 /* Pods-SpyneSDKProject.debug.xcconfig */;
			buildSettings = {
				CODE_SIGN_STYLE = Automatic;
				CURRENT_PROJECT_VERSION = 1;
				DEFINES_MODULE = YES;
				DEVELOPMENT_TEAM = 5Q44THS6KD;
				DYLIB_COMPATIBILITY_VERSION = 1;
				DYLIB_CURRENT_VERSION = 1;
				DYLIB_INSTALL_NAME_BASE = "@rpath";
				GENERATE_INFOPLIST_FILE = YES;
				INFOPLIST_KEY_NSHumanReadableCopyright = "";
				INSTALL_PATH = "$(LOCAL_LIBRARY_DIR)/Frameworks";
				LD_RUNPATH_SEARCH_PATHS = (
					"$(inherited)",
					"@executable_path/Frameworks",
					"@loader_path/Frameworks",
				);
				MARKETING_VERSION = 1.0;
				PRODUCT_BUNDLE_IDENTIFIER = com.spyne.ai.SpyneSDKProject;
				PRODUCT_NAME = "$(TARGET_NAME:c99extidentifier)";
				SKIP_INSTALL = YES;
				SWIFT_EMIT_LOC_STRINGS = YES;
				SWIFT_VERSION = 5.0;
				TARGETED_DEVICE_FAMILY = "1,2";
			};
			name = Debug;
		};
		846BA7EC284E227E002B47B1 /* Release */ = {
			isa = XCBuildConfiguration;
			baseConfigurationReference = 0B4A56D0CB781A3C237529C3 /* Pods-SpyneSDKProject.release.xcconfig */;
			buildSettings = {
				CODE_SIGN_STYLE = Automatic;
				CURRENT_PROJECT_VERSION = 1;
				DEFINES_MODULE = YES;
				DEVELOPMENT_TEAM = 5Q44THS6KD;
				DYLIB_COMPATIBILITY_VERSION = 1;
				DYLIB_CURRENT_VERSION = 1;
				DYLIB_INSTALL_NAME_BASE = "@rpath";
				GENERATE_INFOPLIST_FILE = YES;
				INFOPLIST_KEY_NSHumanReadableCopyright = "";
				INSTALL_PATH = "$(LOCAL_LIBRARY_DIR)/Frameworks";
				LD_RUNPATH_SEARCH_PATHS = (
					"$(inherited)",
					"@executable_path/Frameworks",
					"@loader_path/Frameworks",
				);
				MARKETING_VERSION = 1.0;
				PRODUCT_BUNDLE_IDENTIFIER = com.spyne.ai.SpyneSDKProject;
				PRODUCT_NAME = "$(TARGET_NAME:c99extidentifier)";
				SKIP_INSTALL = YES;
				SWIFT_EMIT_LOC_STRINGS = YES;
				SWIFT_VERSION = 5.0;
				TARGETED_DEVICE_FAMILY = "1,2";
			};
			name = Release;
		};
		846BA7EE284E227E002B47B1 /* Debug */ = {
			isa = XCBuildConfiguration;
			baseConfigurationReference = 16E852DC3A076D685F1D8FEF /* Pods-SpyneSDKProject-SpyneSDKProjectTests.debug.xcconfig */;
			buildSettings = {
				CODE_SIGN_STYLE = Automatic;
				CURRENT_PROJECT_VERSION = 1;
				DEVELOPMENT_TEAM = 5Q44THS6KD;
				GENERATE_INFOPLIST_FILE = YES;
				MARKETING_VERSION = 1.0;
				PRODUCT_BUNDLE_IDENTIFIER = com.spyne.ai.SpyneSDKProjectTests;
				PRODUCT_NAME = "$(TARGET_NAME)";
				SWIFT_EMIT_LOC_STRINGS = NO;
				SWIFT_VERSION = 5.0;
				TARGETED_DEVICE_FAMILY = "1,2";
			};
			name = Debug;
		};
		846BA7EF284E227E002B47B1 /* Release */ = {
			isa = XCBuildConfiguration;
			baseConfigurationReference = B044652DE4FA18399F75685A /* Pods-SpyneSDKProject-SpyneSDKProjectTests.release.xcconfig */;
			buildSettings = {
				CODE_SIGN_STYLE = Automatic;
				CURRENT_PROJECT_VERSION = 1;
				DEVELOPMENT_TEAM = 5Q44THS6KD;
				GENERATE_INFOPLIST_FILE = YES;
				MARKETING_VERSION = 1.0;
				PRODUCT_BUNDLE_IDENTIFIER = com.spyne.ai.SpyneSDKProjectTests;
				PRODUCT_NAME = "$(TARGET_NAME)";
				SWIFT_EMIT_LOC_STRINGS = NO;
				SWIFT_VERSION = 5.0;
				TARGETED_DEVICE_FAMILY = "1,2";
			};
			name = Release;
		};
/* End XCBuildConfiguration section */

/* Begin XCConfigurationList section */
		846BA7D0284E227E002B47B1 /* Build configuration list for PBXProject "SpyneSDKProject" */ = {
			isa = XCConfigurationList;
			buildConfigurations = (
				846BA7E8284E227E002B47B1 /* Debug */,
				846BA7E9284E227E002B47B1 /* Release */,
			);
			defaultConfigurationIsVisible = 0;
			defaultConfigurationName = Release;
		};
		846BA7EA284E227E002B47B1 /* Build configuration list for PBXNativeTarget "SpyneSDKProject" */ = {
			isa = XCConfigurationList;
			buildConfigurations = (
				846BA7EB284E227E002B47B1 /* Debug */,
				846BA7EC284E227E002B47B1 /* Release */,
			);
			defaultConfigurationIsVisible = 0;
			defaultConfigurationName = Release;
		};
		846BA7ED284E227E002B47B1 /* Build configuration list for PBXNativeTarget "SpyneSDKProjectTests" */ = {
			isa = XCConfigurationList;
			buildConfigurations = (
				846BA7EE284E227E002B47B1 /* Debug */,
				846BA7EF284E227E002B47B1 /* Release */,
			);
			defaultConfigurationIsVisible = 0;
			defaultConfigurationName = Release;
		};
/* End XCConfigurationList section */
	};
	rootObject = 846BA7CD284E227E002B47B1 /* Project object */;
}
